
Microsoft Visual Studio Solution File, Format Version 12.00
# Visual Studio Version 16
VisualStudioVersion = 16.0.28922.388
MinimumVisualStudioVersion = 10.0.40219.1
Project("{2150E333-8FDC-42A3-9474-1A3956D46DE8}") = "src", "src", "{9BE085C1-217F-4084-916D-0BF44A261F63}"
EndProject
Project("{2150E333-8FDC-42A3-9474-1A3956D46DE8}") = "Solution Items", "Solution Items", "{6BE5C62F-5DEB-4D51-8CD2-BDA34486DA7F}"
	ProjectSection(SolutionItems) = preProject
		common.props = common.props
		nuget.config = nuget.config
		README.md = README.md
	EndProjectSection
EndProject
Project("{2150E333-8FDC-42A3-9474-1A3956D46DE8}") = "test", "test", "{2916047D-1950-420F-A13C-3B73680467B1}"
EndProject
Project("{9A19103F-16F7-4668-BE54-9A1E7A4F7556}") = "Awesome.Net.IgnoreParser.ConsoleTestApp", "test\Awesome.Net.IgnoreParser.ConsoleTestApp\Awesome.Net.IgnoreParser.ConsoleTestApp.csproj", "{C007076E-9D12-4D42-AA89-101C84AE552B}"
EndProject
Project("{FAE04EC0-301F-11D3-BF4B-00C04F79EFBC}") = "Awesome.Net.IgnoreParser", "src\Awesome.Net.IgnoreParser\Awesome.Net.IgnoreParser.csproj", "{26A627FF-78A0-45A0-8DB5-836266BDCECD}"
EndProject
Global
	GlobalSection(SolutionConfigurationPlatforms) = preSolution
		Debug|Any CPU = Debug|Any CPU
		Release|Any CPU = Release|Any CPU
	EndGlobalSection
	GlobalSection(ProjectConfigurationPlatforms) = postSolution
		{C007076E-9D12-4D42-AA89-101C84AE552B}.Debug|Any CPU.ActiveCfg = Debug|Any CPU
		{C007076E-9D12-4D42-AA89-101C84AE552B}.Debug|Any CPU.Build.0 = Debug|Any CPU
		{C007076E-9D12-4D42-AA89-101C84AE552B}.Release|Any CPU.ActiveCfg = Release|Any CPU
		{C007076E-9D12-4D42-AA89-101C84AE552B}.Release|Any CPU.Build.0 = Release|Any CPU
		{26A627FF-78A0-45A0-8DB5-836266BDCECD}.Debug|Any CPU.ActiveCfg = Debug|Any CPU
		{26A627FF-78A0-45A0-8DB5-836266BDCECD}.Debug|Any CPU.Build.0 = Debug|Any CPU
		{26A627FF-78A0-45A0-8DB5-836266BDCECD}.Release|Any CPU.ActiveCfg = Release|Any CPU
		{26A627FF-78A0-45A0-8DB5-836266BDCECD}.Release|Any CPU.Build.0 = Release|Any CPU
	EndGlobalSection
	GlobalSection(SolutionProperties) = preSolution
		HideSolutionNode = FALSE
	EndGlobalSection
	GlobalSection(NestedProjects) = preSolution
		{C007076E-9D12-4D42-AA89-101C84AE552B} = {2916047D-1950-420F-A13C-3B73680467B1}
		{26A627FF-78A0-45A0-8DB5-836266BDCECD} = {9BE085C1-217F-4084-916D-0BF44A261F63}
	EndGlobalSection
	GlobalSection(ExtensibilityGlobals) = postSolution
		SolutionGuid = {E20B86AA-FC61-430A-AE58-38C937401245}
	EndGlobalSection
EndGlobal
